
Microsoft Visual Studio Solution File, Format Version 12.00
Project("{FAE04EC0-301F-11D3-BF4B-00C04F79EFBC}") = "lab_01", "lab_01\lab_01.csproj", "{D8E648EF-273D-4F5C-9BBF-FBA5CCD246A4}"
EndProject
Project("{FAE04EC0-301F-11D3-BF4B-00C04F79EFBC}") = "lab_02", "lab_02\lab_02.csproj", "{7003852F-6C43-468A-A4BC-3330232A6590}"
EndProject
Project("{FAE04EC0-301F-11D3-BF4B-00C04F79EFBC}") = "lab_03", "lab_03\lab_03.csproj", "{91FF12BA-C7A7-452D-BFA7-C2997296371E}"
EndProject
Project("{FAE04EC0-301F-11D3-BF4B-00C04F79EFBC}") = "challenge_01", "challenge_01\challenge_01.csproj", "{675F1E31-7F5D-4C61-9515-5C7D4DF4A7B2}"
EndProject
Project("{FAE04EC0-301F-11D3-BF4B-00C04F79EFBC}") = "lab_03_2", "lab_03_2\lab_03_2.csproj", "{59DAE055-93CF-467E-ABDF-AFDA458BB6B3}"
EndProject
Project("{FAE04EC0-301F-11D3-BF4B-00C04F79EFBC}") = "lab_04", "lab_04\lab_04.csproj", "{CE739953-44EB-481A-91F4-7ADAAA6EA376}"
EndProject
Project("{FAE04EC0-301F-11D3-BF4B-00C04F79EFBC}") = "lab_05", "lab_05\lab_05.csproj", "{12A84C8A-A206-43D4-81E7-2DF743AAA437}"
EndProject
Project("{FAE04EC0-301F-11D3-BF4B-00C04F79EFBC}") = "lab_05_2", "lab_05_2\lab_05_2.csproj", "{A07B35EE-9E05-4D6F-AE8E-006EF314D50B}"
EndProject
Project("{FAE04EC0-301F-11D3-BF4B-00C04F79EFBC}") = "lab_06", "lab_06\lab_06.csproj", "{25F6AEBD-C16D-4FC2-AE93-47A8A55B9A78}"
EndProject
Project("{FAE04EC0-301F-11D3-BF4B-00C04F79EFBC}") = "challenge_02", "challenge_02\challenge_02.csproj", "{6FDE8B26-CF5F-4828-8DB7-C82FD4FB4394}"
EndProject
Project("{FAE04EC0-301F-11D3-BF4B-00C04F79EFBC}") = "lab_07", "lab_07\lab_07.csproj", "{A3F63978-D2FE-419D-8C1A-31AF2A2C7D96}"
EndProject
Project("{FAE04EC0-301F-11D3-BF4B-00C04F79EFBC}") = "lab_09", "lab_09\lab_09.csproj", "{F997B830-23EA-4979-BC05-518FA645D42D}"
EndProject
Project("{FAE04EC0-301F-11D3-BF4B-00C04F79EFBC}") = "lab_08", "lab_08\lab_08.csproj", "{527CE494-1EB4-47F0-A04D-8DEDFE9514C6}"
EndProject
Project("{FAE04EC0-301F-11D3-BF4B-00C04F79EFBC}") = "lab_10", "lab_10\lab_10.csproj", "{1BC3C339-2E29-4D77-A7AA-783B7450A4B2}"
EndProject
Project("{FAE04EC0-301F-11D3-BF4B-00C04F79EFBC}") = "lab_10_2", "lab_10_2\lab_10_2.csproj", "{7AAE3850-929C-4F35-AF60-0CC5E83C6CC6}"
EndProject
Project("{FAE04EC0-301F-11D3-BF4B-00C04F79EFBC}") = "lab_11", "lab_11\lab_11.csproj", "{D53D79C8-26CE-4E76-B24C-BE01D1A0131E}"
EndProject
Project("{FAE04EC0-301F-11D3-BF4B-00C04F79EFBC}") = "lab_12", "lab_12\lab_12.csproj", "{4DAF9CB1-CC0A-4900-814B-18AAD54A36B9}"
EndProject
Project("{FAE04EC0-301F-11D3-BF4B-00C04F79EFBC}") = "lab_13", "lab_13\lab_13.csproj", "{DCF6A5C1-E879-40BE-960E-5FEBACDFB4D2}"
EndProject
Project("{FAE04EC0-301F-11D3-BF4B-00C04F79EFBC}") = "lab_13_2", "lab_13_2\lab_13_2.csproj", "{89FD1782-B707-45D9-82BF-660EABEA7C8B}"
EndProject
Project("{FAE04EC0-301F-11D3-BF4B-00C04F79EFBC}") = "lab_14", "lab_14\lab_14.csproj", "{EAF5E9F8-F088-443E-BC6D-7DDA959F498C}"
EndProject
Project("{FAE04EC0-301F-11D3-BF4B-00C04F79EFBC}") = "lab_15", "lab_15\lab_15.csproj", "{16D03F05-CD5E-48E5-9BA3-169D5E8438FE}"
EndProject
Project("{FAE04EC0-301F-11D3-BF4B-00C04F79EFBC}") = "lab_16", "lab_16\lab_16.csproj", "{12D05504-F391-45F0-BC1D-8942C41D7C72}"
EndProject
Project("{2150E333-8FDC-42A3-9474-1A3956D46DE8}") = "Basics.Part1", "Basics.Part1", "{FF9EBB80-3A82-4E22-9894-27E63133B2CC}"
EndProject
Project("{FAE04EC0-301F-11D3-BF4B-00C04F79EFBC}") = "lab_18", "lab_18\lab_18.csproj", "{AD2915CF-AD1A-4C4D-8956-3693C24D9507}"
EndProject
Project("{FAE04EC0-301F-11D3-BF4B-00C04F79EFBC}") = "lab_19", "lab_19\lab_19.csproj", "{63207C76-5EF0-4510-B808-8C0A7497809C}"
EndProject
Project("{FAE04EC0-301F-11D3-BF4B-00C04F79EFBC}") = "lab_21", "lab_21\lab_21.csproj", "{3053E353-7AB7-426F-8960-8E0617774F39}"
EndProject
Project("{FAE04EC0-301F-11D3-BF4B-00C04F79EFBC}") = "challenge_03", "challenge_03\challenge_03.csproj", "{EBE35CFB-454C-4DF5-A520-68085F1018F1}"
EndProject
Project("{FAE04EC0-301F-11D3-BF4B-00C04F79EFBC}") = "lab_22", "lab_22\lab_22.csproj", "{BDCFD089-BAE2-4550-B334-E038E8964639}"
EndProject
Global
	GlobalSection(SolutionConfigurationPlatforms) = preSolution
		Debug|Any CPU = Debug|Any CPU
		Release|Any CPU = Release|Any CPU
	EndGlobalSection
	GlobalSection(ProjectConfigurationPlatforms) = postSolution
		{D8E648EF-273D-4F5C-9BBF-FBA5CCD246A4}.Debug|Any CPU.ActiveCfg = Debug|Any CPU
		{D8E648EF-273D-4F5C-9BBF-FBA5CCD246A4}.Debug|Any CPU.Build.0 = Debug|Any CPU
		{D8E648EF-273D-4F5C-9BBF-FBA5CCD246A4}.Release|Any CPU.ActiveCfg = Release|Any CPU
		{D8E648EF-273D-4F5C-9BBF-FBA5CCD246A4}.Release|Any CPU.Build.0 = Release|Any CPU
		{7003852F-6C43-468A-A4BC-3330232A6590}.Debug|Any CPU.ActiveCfg = Debug|Any CPU
		{7003852F-6C43-468A-A4BC-3330232A6590}.Debug|Any CPU.Build.0 = Debug|Any CPU
		{7003852F-6C43-468A-A4BC-3330232A6590}.Release|Any CPU.ActiveCfg = Release|Any CPU
		{7003852F-6C43-468A-A4BC-3330232A6590}.Release|Any CPU.Build.0 = Release|Any CPU
		{91FF12BA-C7A7-452D-BFA7-C2997296371E}.Debug|Any CPU.ActiveCfg = Debug|Any CPU
		{91FF12BA-C7A7-452D-BFA7-C2997296371E}.Debug|Any CPU.Build.0 = Debug|Any CPU
		{91FF12BA-C7A7-452D-BFA7-C2997296371E}.Release|Any CPU.ActiveCfg = Release|Any CPU
		{91FF12BA-C7A7-452D-BFA7-C2997296371E}.Release|Any CPU.Build.0 = Release|Any CPU
		{675F1E31-7F5D-4C61-9515-5C7D4DF4A7B2}.Debug|Any CPU.ActiveCfg = Debug|Any CPU
		{675F1E31-7F5D-4C61-9515-5C7D4DF4A7B2}.Debug|Any CPU.Build.0 = Debug|Any CPU
		{675F1E31-7F5D-4C61-9515-5C7D4DF4A7B2}.Release|Any CPU.ActiveCfg = Release|Any CPU
		{675F1E31-7F5D-4C61-9515-5C7D4DF4A7B2}.Release|Any CPU.Build.0 = Release|Any CPU
		{59DAE055-93CF-467E-ABDF-AFDA458BB6B3}.Debug|Any CPU.ActiveCfg = Debug|Any CPU
		{59DAE055-93CF-467E-ABDF-AFDA458BB6B3}.Debug|Any CPU.Build.0 = Debug|Any CPU
		{59DAE055-93CF-467E-ABDF-AFDA458BB6B3}.Release|Any CPU.ActiveCfg = Release|Any CPU
		{59DAE055-93CF-467E-ABDF-AFDA458BB6B3}.Release|Any CPU.Build.0 = Release|Any CPU
		{CE739953-44EB-481A-91F4-7ADAAA6EA376}.Debug|Any CPU.ActiveCfg = Debug|Any CPU
		{CE739953-44EB-481A-91F4-7ADAAA6EA376}.Debug|Any CPU.Build.0 = Debug|Any CPU
		{CE739953-44EB-481A-91F4-7ADAAA6EA376}.Release|Any CPU.ActiveCfg = Release|Any CPU
		{CE739953-44EB-481A-91F4-7ADAAA6EA376}.Release|Any CPU.Build.0 = Release|Any CPU
		{12A84C8A-A206-43D4-81E7-2DF743AAA437}.Debug|Any CPU.ActiveCfg = Debug|Any CPU
		{12A84C8A-A206-43D4-81E7-2DF743AAA437}.Debug|Any CPU.Build.0 = Debug|Any CPU
		{12A84C8A-A206-43D4-81E7-2DF743AAA437}.Release|Any CPU.ActiveCfg = Release|Any CPU
		{12A84C8A-A206-43D4-81E7-2DF743AAA437}.Release|Any CPU.Build.0 = Release|Any CPU
		{A07B35EE-9E05-4D6F-AE8E-006EF314D50B}.Debug|Any CPU.ActiveCfg = Debug|Any CPU
		{A07B35EE-9E05-4D6F-AE8E-006EF314D50B}.Debug|Any CPU.Build.0 = Debug|Any CPU
		{A07B35EE-9E05-4D6F-AE8E-006EF314D50B}.Release|Any CPU.ActiveCfg = Release|Any CPU
		{A07B35EE-9E05-4D6F-AE8E-006EF314D50B}.Release|Any CPU.Build.0 = Release|Any CPU
		{25F6AEBD-C16D-4FC2-AE93-47A8A55B9A78}.Debug|Any CPU.ActiveCfg = Debug|Any CPU
		{25F6AEBD-C16D-4FC2-AE93-47A8A55B9A78}.Debug|Any CPU.Build.0 = Debug|Any CPU
		{25F6AEBD-C16D-4FC2-AE93-47A8A55B9A78}.Release|Any CPU.ActiveCfg = Release|Any CPU
		{25F6AEBD-C16D-4FC2-AE93-47A8A55B9A78}.Release|Any CPU.Build.0 = Release|Any CPU
		{6FDE8B26-CF5F-4828-8DB7-C82FD4FB4394}.Debug|Any CPU.ActiveCfg = Debug|Any CPU
		{6FDE8B26-CF5F-4828-8DB7-C82FD4FB4394}.Debug|Any CPU.Build.0 = Debug|Any CPU
		{6FDE8B26-CF5F-4828-8DB7-C82FD4FB4394}.Release|Any CPU.ActiveCfg = Release|Any CPU
		{6FDE8B26-CF5F-4828-8DB7-C82FD4FB4394}.Release|Any CPU.Build.0 = Release|Any CPU
		{A3F63978-D2FE-419D-8C1A-31AF2A2C7D96}.Debug|Any CPU.ActiveCfg = Debug|Any CPU
		{A3F63978-D2FE-419D-8C1A-31AF2A2C7D96}.Debug|Any CPU.Build.0 = Debug|Any CPU
		{A3F63978-D2FE-419D-8C1A-31AF2A2C7D96}.Release|Any CPU.ActiveCfg = Release|Any CPU
		{A3F63978-D2FE-419D-8C1A-31AF2A2C7D96}.Release|Any CPU.Build.0 = Release|Any CPU
		{F997B830-23EA-4979-BC05-518FA645D42D}.Debug|Any CPU.ActiveCfg = Debug|Any CPU
		{F997B830-23EA-4979-BC05-518FA645D42D}.Debug|Any CPU.Build.0 = Debug|Any CPU
		{F997B830-23EA-4979-BC05-518FA645D42D}.Release|Any CPU.ActiveCfg = Release|Any CPU
		{F997B830-23EA-4979-BC05-518FA645D42D}.Release|Any CPU.Build.0 = Release|Any CPU
		{527CE494-1EB4-47F0-A04D-8DEDFE9514C6}.Debug|Any CPU.ActiveCfg = Debug|Any CPU
		{527CE494-1EB4-47F0-A04D-8DEDFE9514C6}.Debug|Any CPU.Build.0 = Debug|Any CPU
		{527CE494-1EB4-47F0-A04D-8DEDFE9514C6}.Release|Any CPU.ActiveCfg = Release|Any CPU
		{527CE494-1EB4-47F0-A04D-8DEDFE9514C6}.Release|Any CPU.Build.0 = Release|Any CPU
		{1BC3C339-2E29-4D77-A7AA-783B7450A4B2}.Debug|Any CPU.ActiveCfg = Debug|Any CPU
		{1BC3C339-2E29-4D77-A7AA-783B7450A4B2}.Debug|Any CPU.Build.0 = Debug|Any CPU
		{1BC3C339-2E29-4D77-A7AA-783B7450A4B2}.Release|Any CPU.ActiveCfg = Release|Any CPU
		{1BC3C339-2E29-4D77-A7AA-783B7450A4B2}.Release|Any CPU.Build.0 = Release|Any CPU
		{7AAE3850-929C-4F35-AF60-0CC5E83C6CC6}.Debug|Any CPU.ActiveCfg = Debug|Any CPU
		{7AAE3850-929C-4F35-AF60-0CC5E83C6CC6}.Debug|Any CPU.Build.0 = Debug|Any CPU
		{7AAE3850-929C-4F35-AF60-0CC5E83C6CC6}.Release|Any CPU.ActiveCfg = Release|Any CPU
		{7AAE3850-929C-4F35-AF60-0CC5E83C6CC6}.Release|Any CPU.Build.0 = Release|Any CPU
		{D53D79C8-26CE-4E76-B24C-BE01D1A0131E}.Debug|Any CPU.ActiveCfg = Debug|Any CPU
		{D53D79C8-26CE-4E76-B24C-BE01D1A0131E}.Debug|Any CPU.Build.0 = Debug|Any CPU
		{D53D79C8-26CE-4E76-B24C-BE01D1A0131E}.Release|Any CPU.ActiveCfg = Release|Any CPU
		{D53D79C8-26CE-4E76-B24C-BE01D1A0131E}.Release|Any CPU.Build.0 = Release|Any CPU
		{4DAF9CB1-CC0A-4900-814B-18AAD54A36B9}.Debug|Any CPU.ActiveCfg = Debug|Any CPU
		{4DAF9CB1-CC0A-4900-814B-18AAD54A36B9}.Debug|Any CPU.Build.0 = Debug|Any CPU
		{4DAF9CB1-CC0A-4900-814B-18AAD54A36B9}.Release|Any CPU.ActiveCfg = Release|Any CPU
		{4DAF9CB1-CC0A-4900-814B-18AAD54A36B9}.Release|Any CPU.Build.0 = Release|Any CPU
		{DCF6A5C1-E879-40BE-960E-5FEBACDFB4D2}.Debug|Any CPU.ActiveCfg = Debug|Any CPU
		{DCF6A5C1-E879-40BE-960E-5FEBACDFB4D2}.Debug|Any CPU.Build.0 = Debug|Any CPU
		{DCF6A5C1-E879-40BE-960E-5FEBACDFB4D2}.Release|Any CPU.ActiveCfg = Release|Any CPU
		{DCF6A5C1-E879-40BE-960E-5FEBACDFB4D2}.Release|Any CPU.Build.0 = Release|Any CPU
		{89FD1782-B707-45D9-82BF-660EABEA7C8B}.Debug|Any CPU.ActiveCfg = Debug|Any CPU
		{89FD1782-B707-45D9-82BF-660EABEA7C8B}.Debug|Any CPU.Build.0 = Debug|Any CPU
		{89FD1782-B707-45D9-82BF-660EABEA7C8B}.Release|Any CPU.ActiveCfg = Release|Any CPU
		{89FD1782-B707-45D9-82BF-660EABEA7C8B}.Release|Any CPU.Build.0 = Release|Any CPU
		{EAF5E9F8-F088-443E-BC6D-7DDA959F498C}.Debug|Any CPU.ActiveCfg = Debug|Any CPU
		{EAF5E9F8-F088-443E-BC6D-7DDA959F498C}.Debug|Any CPU.Build.0 = Debug|Any CPU
		{EAF5E9F8-F088-443E-BC6D-7DDA959F498C}.Release|Any CPU.ActiveCfg = Release|Any CPU
		{EAF5E9F8-F088-443E-BC6D-7DDA959F498C}.Release|Any CPU.Build.0 = Release|Any CPU
		{16D03F05-CD5E-48E5-9BA3-169D5E8438FE}.Debug|Any CPU.ActiveCfg = Debug|Any CPU
		{16D03F05-CD5E-48E5-9BA3-169D5E8438FE}.Debug|Any CPU.Build.0 = Debug|Any CPU
		{16D03F05-CD5E-48E5-9BA3-169D5E8438FE}.Release|Any CPU.ActiveCfg = Release|Any CPU
		{16D03F05-CD5E-48E5-9BA3-169D5E8438FE}.Release|Any CPU.Build.0 = Release|Any CPU
		{12D05504-F391-45F0-BC1D-8942C41D7C72}.Debug|Any CPU.ActiveCfg = Debug|Any CPU
		{12D05504-F391-45F0-BC1D-8942C41D7C72}.Debug|Any CPU.Build.0 = Debug|Any CPU
		{12D05504-F391-45F0-BC1D-8942C41D7C72}.Release|Any CPU.ActiveCfg = Release|Any CPU
		{12D05504-F391-45F0-BC1D-8942C41D7C72}.Release|Any CPU.Build.0 = Release|Any CPU
		{AD2915CF-AD1A-4C4D-8956-3693C24D9507}.Debug|Any CPU.ActiveCfg = Debug|Any CPU
		{AD2915CF-AD1A-4C4D-8956-3693C24D9507}.Debug|Any CPU.Build.0 = Debug|Any CPU
		{AD2915CF-AD1A-4C4D-8956-3693C24D9507}.Release|Any CPU.ActiveCfg = Release|Any CPU
		{AD2915CF-AD1A-4C4D-8956-3693C24D9507}.Release|Any CPU.Build.0 = Release|Any CPU
		{63207C76-5EF0-4510-B808-8C0A7497809C}.Debug|Any CPU.ActiveCfg = Debug|Any CPU
		{63207C76-5EF0-4510-B808-8C0A7497809C}.Debug|Any CPU.Build.0 = Debug|Any CPU
		{63207C76-5EF0-4510-B808-8C0A7497809C}.Release|Any CPU.ActiveCfg = Release|Any CPU
		{63207C76-5EF0-4510-B808-8C0A7497809C}.Release|Any CPU.Build.0 = Release|Any CPU
		{3053E353-7AB7-426F-8960-8E0617774F39}.Debug|Any CPU.ActiveCfg = Debug|Any CPU
		{3053E353-7AB7-426F-8960-8E0617774F39}.Debug|Any CPU.Build.0 = Debug|Any CPU
		{3053E353-7AB7-426F-8960-8E0617774F39}.Release|Any CPU.ActiveCfg = Release|Any CPU
		{3053E353-7AB7-426F-8960-8E0617774F39}.Release|Any CPU.Build.0 = Release|Any CPU
		{EBE35CFB-454C-4DF5-A520-68085F1018F1}.Debug|Any CPU.ActiveCfg = Debug|Any CPU
		{EBE35CFB-454C-4DF5-A520-68085F1018F1}.Debug|Any CPU.Build.0 = Debug|Any CPU
		{EBE35CFB-454C-4DF5-A520-68085F1018F1}.Release|Any CPU.ActiveCfg = Release|Any CPU
		{EBE35CFB-454C-4DF5-A520-68085F1018F1}.Release|Any CPU.Build.0 = Release|Any CPU
		{BDCFD089-BAE2-4550-B334-E038E8964639}.Debug|Any CPU.ActiveCfg = Debug|Any CPU
		{BDCFD089-BAE2-4550-B334-E038E8964639}.Debug|Any CPU.Build.0 = Debug|Any CPU
		{BDCFD089-BAE2-4550-B334-E038E8964639}.Release|Any CPU.ActiveCfg = Release|Any CPU
		{BDCFD089-BAE2-4550-B334-E038E8964639}.Release|Any CPU.Build.0 = Release|Any CPU
	EndGlobalSection
	GlobalSection(NestedProjects) = preSolution
		{675F1E31-7F5D-4C61-9515-5C7D4DF4A7B2} = {FF9EBB80-3A82-4E22-9894-27E63133B2CC}
		{6FDE8B26-CF5F-4828-8DB7-C82FD4FB4394} = {FF9EBB80-3A82-4E22-9894-27E63133B2CC}
		{D8E648EF-273D-4F5C-9BBF-FBA5CCD246A4} = {FF9EBB80-3A82-4E22-9894-27E63133B2CC}
		{7003852F-6C43-468A-A4BC-3330232A6590} = {FF9EBB80-3A82-4E22-9894-27E63133B2CC}
		{91FF12BA-C7A7-452D-BFA7-C2997296371E} = {FF9EBB80-3A82-4E22-9894-27E63133B2CC}
		{59DAE055-93CF-467E-ABDF-AFDA458BB6B3} = {FF9EBB80-3A82-4E22-9894-27E63133B2CC}
		{CE739953-44EB-481A-91F4-7ADAAA6EA376} = {FF9EBB80-3A82-4E22-9894-27E63133B2CC}
		{12A84C8A-A206-43D4-81E7-2DF743AAA437} = {FF9EBB80-3A82-4E22-9894-27E63133B2CC}
		{A07B35EE-9E05-4D6F-AE8E-006EF314D50B} = {FF9EBB80-3A82-4E22-9894-27E63133B2CC}
		{25F6AEBD-C16D-4FC2-AE93-47A8A55B9A78} = {FF9EBB80-3A82-4E22-9894-27E63133B2CC}
		{A3F63978-D2FE-419D-8C1A-31AF2A2C7D96} = {FF9EBB80-3A82-4E22-9894-27E63133B2CC}
		{527CE494-1EB4-47F0-A04D-8DEDFE9514C6} = {FF9EBB80-3A82-4E22-9894-27E63133B2CC}
		{F997B830-23EA-4979-BC05-518FA645D42D} = {FF9EBB80-3A82-4E22-9894-27E63133B2CC}
		{1BC3C339-2E29-4D77-A7AA-783B7450A4B2} = {FF9EBB80-3A82-4E22-9894-27E63133B2CC}
		{7AAE3850-929C-4F35-AF60-0CC5E83C6CC6} = {FF9EBB80-3A82-4E22-9894-27E63133B2CC}
		{D53D79C8-26CE-4E76-B24C-BE01D1A0131E} = {FF9EBB80-3A82-4E22-9894-27E63133B2CC}
		{4DAF9CB1-CC0A-4900-814B-18AAD54A36B9} = {FF9EBB80-3A82-4E22-9894-27E63133B2CC}
		{DCF6A5C1-E879-40BE-960E-5FEBACDFB4D2} = {FF9EBB80-3A82-4E22-9894-27E63133B2CC}
		{89FD1782-B707-45D9-82BF-660EABEA7C8B} = {FF9EBB80-3A82-4E22-9894-27E63133B2CC}
		{EAF5E9F8-F088-443E-BC6D-7DDA959F498C} = {FF9EBB80-3A82-4E22-9894-27E63133B2CC}
		{16D03F05-CD5E-48E5-9BA3-169D5E8438FE} = {FF9EBB80-3A82-4E22-9894-27E63133B2CC}
		{12D05504-F391-45F0-BC1D-8942C41D7C72} = {FF9EBB80-3A82-4E22-9894-27E63133B2CC}
	EndGlobalSection
EndGlobal
