
Microsoft Visual Studio Solution File, Format Version 12.00
Project("{FAE04EC0-301F-11D3-BF4B-00C04F79EFBC}") = "lab_01", "lab_01\lab_01.csproj", "{D8E648EF-273D-4F5C-9BBF-FBA5CCD246A4}"
EndProject
Project("{FAE04EC0-301F-11D3-BF4B-00C04F79EFBC}") = "lab_02", "lab_02\lab_02.csproj", "{7003852F-6C43-468A-A4BC-3330232A6590}"
EndProject
Project("{FAE04EC0-301F-11D3-BF4B-00C04F79EFBC}") = "lab_03", "lab_03\lab_03.csproj", "{91FF12BA-C7A7-452D-BFA7-C2997296371E}"
EndProject
Project("{FAE04EC0-301F-11D3-BF4B-00C04F79EFBC}") = "challenge_01", "challenge_01\challenge_01.csproj", "{675F1E31-7F5D-4C61-9515-5C7D4DF4A7B2}"
EndProject
Project("{FAE04EC0-301F-11D3-BF4B-00C04F79EFBC}") = "lab_03_2", "lab_03_2\lab_03_2.csproj", "{59DAE055-93CF-467E-ABDF-AFDA458BB6B3}"
EndProject
Project("{FAE04EC0-301F-11D3-BF4B-00C04F79EFBC}") = "lab_04", "lab_04\lab_04.csproj", "{CE739953-44EB-481A-91F4-7ADAAA6EA376}"
EndProject
Project("{FAE04EC0-301F-11D3-BF4B-00C04F79EFBC}") = "lab_05", "lab_05\lab_05.csproj", "{12A84C8A-A206-43D4-81E7-2DF743AAA437}"
EndProject
Project("{FAE04EC0-301F-11D3-BF4B-00C04F79EFBC}") = "lab_05_2", "lab_05_2\lab_05_2.csproj", "{A07B35EE-9E05-4D6F-AE8E-006EF314D50B}"
EndProject
Project("{FAE04EC0-301F-11D3-BF4B-00C04F79EFBC}") = "lab_06", "lab_06\lab_06.csproj", "{25F6AEBD-C16D-4FC2-AE93-47A8A55B9A78}"
EndProject
Project("{FAE04EC0-301F-11D3-BF4B-00C04F79EFBC}") = "challenge_02", "challenge_02\challenge_02.csproj", "{6FDE8B26-CF5F-4828-8DB7-C82FD4FB4394}"
EndProject
Global
	GlobalSection(SolutionConfigurationPlatforms) = preSolution
		Debug|Any CPU = Debug|Any CPU
		Release|Any CPU = Release|Any CPU
	EndGlobalSection
	GlobalSection(ProjectConfigurationPlatforms) = postSolution
		{D8E648EF-273D-4F5C-9BBF-FBA5CCD246A4}.Debug|Any CPU.ActiveCfg = Debug|Any CPU
		{D8E648EF-273D-4F5C-9BBF-FBA5CCD246A4}.Debug|Any CPU.Build.0 = Debug|Any CPU
		{D8E648EF-273D-4F5C-9BBF-FBA5CCD246A4}.Release|Any CPU.ActiveCfg = Release|Any CPU
		{D8E648EF-273D-4F5C-9BBF-FBA5CCD246A4}.Release|Any CPU.Build.0 = Release|Any CPU
		{7003852F-6C43-468A-A4BC-3330232A6590}.Debug|Any CPU.ActiveCfg = Debug|Any CPU
		{7003852F-6C43-468A-A4BC-3330232A6590}.Debug|Any CPU.Build.0 = Debug|Any CPU
		{7003852F-6C43-468A-A4BC-3330232A6590}.Release|Any CPU.ActiveCfg = Release|Any CPU
		{7003852F-6C43-468A-A4BC-3330232A6590}.Release|Any CPU.Build.0 = Release|Any CPU
		{91FF12BA-C7A7-452D-BFA7-C2997296371E}.Debug|Any CPU.ActiveCfg = Debug|Any CPU
		{91FF12BA-C7A7-452D-BFA7-C2997296371E}.Debug|Any CPU.Build.0 = Debug|Any CPU
		{91FF12BA-C7A7-452D-BFA7-C2997296371E}.Release|Any CPU.ActiveCfg = Release|Any CPU
		{91FF12BA-C7A7-452D-BFA7-C2997296371E}.Release|Any CPU.Build.0 = Release|Any CPU
		{675F1E31-7F5D-4C61-9515-5C7D4DF4A7B2}.Debug|Any CPU.ActiveCfg = Debug|Any CPU
		{675F1E31-7F5D-4C61-9515-5C7D4DF4A7B2}.Debug|Any CPU.Build.0 = Debug|Any CPU
		{675F1E31-7F5D-4C61-9515-5C7D4DF4A7B2}.Release|Any CPU.ActiveCfg = Release|Any CPU
		{675F1E31-7F5D-4C61-9515-5C7D4DF4A7B2}.Release|Any CPU.Build.0 = Release|Any CPU
		{59DAE055-93CF-467E-ABDF-AFDA458BB6B3}.Debug|Any CPU.ActiveCfg = Debug|Any CPU
		{59DAE055-93CF-467E-ABDF-AFDA458BB6B3}.Debug|Any CPU.Build.0 = Debug|Any CPU
		{59DAE055-93CF-467E-ABDF-AFDA458BB6B3}.Release|Any CPU.ActiveCfg = Release|Any CPU
		{59DAE055-93CF-467E-ABDF-AFDA458BB6B3}.Release|Any CPU.Build.0 = Release|Any CPU
		{CE739953-44EB-481A-91F4-7ADAAA6EA376}.Debug|Any CPU.ActiveCfg = Debug|Any CPU
		{CE739953-44EB-481A-91F4-7ADAAA6EA376}.Debug|Any CPU.Build.0 = Debug|Any CPU
		{CE739953-44EB-481A-91F4-7ADAAA6EA376}.Release|Any CPU.ActiveCfg = Release|Any CPU
		{CE739953-44EB-481A-91F4-7ADAAA6EA376}.Release|Any CPU.Build.0 = Release|Any CPU
		{12A84C8A-A206-43D4-81E7-2DF743AAA437}.Debug|Any CPU.ActiveCfg = Debug|Any CPU
		{12A84C8A-A206-43D4-81E7-2DF743AAA437}.Debug|Any CPU.Build.0 = Debug|Any CPU
		{12A84C8A-A206-43D4-81E7-2DF743AAA437}.Release|Any CPU.ActiveCfg = Release|Any CPU
		{12A84C8A-A206-43D4-81E7-2DF743AAA437}.Release|Any CPU.Build.0 = Release|Any CPU
		{A07B35EE-9E05-4D6F-AE8E-006EF314D50B}.Debug|Any CPU.ActiveCfg = Debug|Any CPU
		{A07B35EE-9E05-4D6F-AE8E-006EF314D50B}.Debug|Any CPU.Build.0 = Debug|Any CPU
		{A07B35EE-9E05-4D6F-AE8E-006EF314D50B}.Release|Any CPU.ActiveCfg = Release|Any CPU
		{A07B35EE-9E05-4D6F-AE8E-006EF314D50B}.Release|Any CPU.Build.0 = Release|Any CPU
		{25F6AEBD-C16D-4FC2-AE93-47A8A55B9A78}.Debug|Any CPU.ActiveCfg = Debug|Any CPU
		{25F6AEBD-C16D-4FC2-AE93-47A8A55B9A78}.Debug|Any CPU.Build.0 = Debug|Any CPU
		{25F6AEBD-C16D-4FC2-AE93-47A8A55B9A78}.Release|Any CPU.ActiveCfg = Release|Any CPU
		{25F6AEBD-C16D-4FC2-AE93-47A8A55B9A78}.Release|Any CPU.Build.0 = Release|Any CPU
		{6FDE8B26-CF5F-4828-8DB7-C82FD4FB4394}.Debug|Any CPU.ActiveCfg = Debug|Any CPU
		{6FDE8B26-CF5F-4828-8DB7-C82FD4FB4394}.Debug|Any CPU.Build.0 = Debug|Any CPU
		{6FDE8B26-CF5F-4828-8DB7-C82FD4FB4394}.Release|Any CPU.ActiveCfg = Release|Any CPU
		{6FDE8B26-CF5F-4828-8DB7-C82FD4FB4394}.Release|Any CPU.Build.0 = Release|Any CPU
	EndGlobalSection
EndGlobal
