
Microsoft Visual Studio Solution File, Format Version 12.00
Project("{FAE04EC0-301F-11D3-BF4B-00C04F79EFBC}") = "Lab15", "Lab15\Lab15.csproj", "{16D03F05-CD5E-48E5-9BA3-169D5E8438FE}"
EndProject
Project("{FAE04EC0-301F-11D3-BF4B-00C04F79EFBC}") = "Lab16", "Lab16\Lab16.csproj", "{12D05504-F391-45F0-BC1D-8942C41D7C72}"
EndProject
Project("{2150E333-8FDC-42A3-9474-1A3956D46DE8}") = "Basics.Part1", "Basics.Part1", "{FF9EBB80-3A82-4E22-9894-27E63133B2CC}"
EndProject
Project("{FAE04EC0-301F-11D3-BF4B-00C04F79EFBC}") = "Lab18", "Lab18\Lab18.csproj", "{AD2915CF-AD1A-4C4D-8956-3693C24D9507}"
EndProject
Project("{FAE04EC0-301F-11D3-BF4B-00C04F79EFBC}") = "Lab19", "Lab19\Lab19.csproj", "{63207C76-5EF0-4510-B808-8C0A7497809C}"
EndProject
Project("{FAE04EC0-301F-11D3-BF4B-00C04F79EFBC}") = "Challenge3", "Challenge3\Challenge3.csproj", "{EBE35CFB-454C-4DF5-A520-68085F1018F1}"
EndProject
Project("{FAE04EC0-301F-11D3-BF4B-00C04F79EFBC}") = "Lab22", "Lab22\Lab22.csproj", "{BDCFD089-BAE2-4550-B334-E038E8964639}"
EndProject
Project("{FAE04EC0-301F-11D3-BF4B-00C04F79EFBC}") = "Lab23.Part1", "Lab23.Part1\Lab23.Part1.csproj", "{E5C91B9E-8C42-44B6-B501-3064744C3B4D}"
EndProject
Project("{FAE04EC0-301F-11D3-BF4B-00C04F79EFBC}") = "Lab23.Part2", "Lab23.Part2\Lab23.Part2.csproj", "{BB7128CF-29B1-4C2A-97E5-967838F00234}"
EndProject
Project("{FAE04EC0-301F-11D3-BF4B-00C04F79EFBC}") = "Lab24", "Lab24\Lab24.csproj", "{C18F066C-C248-4163-A9FC-E26E398B3911}"
EndProject
Project("{FAE04EC0-301F-11D3-BF4B-00C04F79EFBC}") = "Lab25", "Lab25\Lab25.csproj", "{497C094A-DFE1-4EF1-9CEB-78D5F096120F}"
EndProject
Project("{2150E333-8FDC-42A3-9474-1A3956D46DE8}") = "Basics.Part2", "Basics.Part2", "{5518D3A9-6CD5-48FB-AF87-6D90E653CBD6}"
EndProject
Project("{FAE04EC0-301F-11D3-BF4B-00C04F79EFBC}") = "Lab21", "Lab21\Lab21.csproj", "{889BCB4A-87B8-41C2-9718-63CC3B7DE8A7}"
EndProject
Project("{FAE04EC0-301F-11D3-BF4B-00C04F79EFBC}") = "Lab14", "Lab14\Lab14.csproj", "{846D0615-0254-49D5-9F98-BD0DE3D08682}"
EndProject
Project("{FAE04EC0-301F-11D3-BF4B-00C04F79EFBC}") = "Lab13", "Lab13\Lab13.csproj", "{E518436D-89D7-4240-8825-7F1D80D6F55C}"
EndProject
Project("{FAE04EC0-301F-11D3-BF4B-00C04F79EFBC}") = "Lab12", "Lab12\Lab12.csproj", "{71D7F2AA-E305-43AD-A385-96AAF04054F4}"
EndProject
Project("{FAE04EC0-301F-11D3-BF4B-00C04F79EFBC}") = "Lab11", "Lab11\Lab11.csproj", "{E0A00DF5-6E8E-4E01-9A04-40E218B08D92}"
EndProject
Project("{FAE04EC0-301F-11D3-BF4B-00C04F79EFBC}") = "Lab10.Part1", "Lab10.Part1\Lab10.Part1.csproj", "{810E4763-4AFF-4651-9F4A-9499ED448761}"
EndProject
Project("{FAE04EC0-301F-11D3-BF4B-00C04F79EFBC}") = "Lab9", "Lab9\Lab9.csproj", "{BA37A8A4-A7A1-4B9F-946F-09666380FCFA}"
EndProject
Project("{FAE04EC0-301F-11D3-BF4B-00C04F79EFBC}") = "Lab8", "Lab8\Lab8.csproj", "{07D860FE-7542-4BEC-8210-27365EBCCC97}"
EndProject
Project("{FAE04EC0-301F-11D3-BF4B-00C04F79EFBC}") = "Lab7", "Lab7\Lab7.csproj", "{8F4E7D38-C4CB-4429-8ED3-376D3A500640}"
EndProject
Project("{FAE04EC0-301F-11D3-BF4B-00C04F79EFBC}") = "Lab6", "Lab6\Lab6.csproj", "{8912203F-88F5-46F6-A54A-86BEF8DB3243}"
EndProject
Project("{FAE04EC0-301F-11D3-BF4B-00C04F79EFBC}") = "Lab5.Part1", "Lab5.Part1\Lab5.Part1.csproj", "{5DB8B0CE-1EC0-4C81-9599-8948838FB10F}"
EndProject
Project("{FAE04EC0-301F-11D3-BF4B-00C04F79EFBC}") = "Lab4", "Lab4\Lab4.csproj", "{EB714498-2990-4601-9F32-A9878BB5E528}"
EndProject
Project("{FAE04EC0-301F-11D3-BF4B-00C04F79EFBC}") = "Lab3.Part1", "Lab3.Part1\Lab3.Part1.csproj", "{B070D5D0-414A-4701-8401-C54E7486B72D}"
EndProject
Project("{FAE04EC0-301F-11D3-BF4B-00C04F79EFBC}") = "Lab2", "Lab2\Lab2.csproj", "{285492B4-49E1-451B-9BE4-0A18C98CD400}"
EndProject
Project("{FAE04EC0-301F-11D3-BF4B-00C04F79EFBC}") = "Lab1", "Lab1\Lab1.csproj", "{8EAEF8E4-A97D-487D-9251-C07E7DB99E85}"
EndProject
Project("{FAE04EC0-301F-11D3-BF4B-00C04F79EFBC}") = "Lab3.Part2", "Lab3.Part2\Lab3.Part2.csproj", "{E664847A-50A6-48CF-BC1F-540CF190C03C}"
EndProject
Project("{FAE04EC0-301F-11D3-BF4B-00C04F79EFBC}") = "Lab5.Part2", "Lab5.Part2\Lab5.Part2.csproj", "{7584D1E8-4D41-4188-AFA6-45214181F192}"
EndProject
Project("{FAE04EC0-301F-11D3-BF4B-00C04F79EFBC}") = "Lab10.Part2", "Lab10.Part2\Lab10.Part2.csproj", "{32FE1B8B-5C7B-4099-BD0F-FD71A3A93857}"
EndProject
Project("{FAE04EC0-301F-11D3-BF4B-00C04F79EFBC}") = "Lab13.Part2", "Lab13.Part2\Lab13.Part2.csproj", "{920DC0ED-3B0B-4A06-B35A-9DD091A198E0}"
EndProject
Project("{FAE04EC0-301F-11D3-BF4B-00C04F79EFBC}") = "Challenge1", "Challenge1\Challenge1.csproj", "{F10C6D61-CD30-43E9-AB72-346802523D41}"
EndProject
Project("{FAE04EC0-301F-11D3-BF4B-00C04F79EFBC}") = "Challenge2", "Challenge2\Challenge2.csproj", "{A8FFB928-0544-4C22-A693-A29F46F90390}"
EndProject
Global
	GlobalSection(SolutionConfigurationPlatforms) = preSolution
		Debug|Any CPU = Debug|Any CPU
		Release|Any CPU = Release|Any CPU
	EndGlobalSection
	GlobalSection(ProjectConfigurationPlatforms) = postSolution
		{16D03F05-CD5E-48E5-9BA3-169D5E8438FE}.Debug|Any CPU.ActiveCfg = Debug|Any CPU
		{16D03F05-CD5E-48E5-9BA3-169D5E8438FE}.Debug|Any CPU.Build.0 = Debug|Any CPU
		{16D03F05-CD5E-48E5-9BA3-169D5E8438FE}.Release|Any CPU.ActiveCfg = Release|Any CPU
		{16D03F05-CD5E-48E5-9BA3-169D5E8438FE}.Release|Any CPU.Build.0 = Release|Any CPU
		{12D05504-F391-45F0-BC1D-8942C41D7C72}.Debug|Any CPU.ActiveCfg = Debug|Any CPU
		{12D05504-F391-45F0-BC1D-8942C41D7C72}.Debug|Any CPU.Build.0 = Debug|Any CPU
		{12D05504-F391-45F0-BC1D-8942C41D7C72}.Release|Any CPU.ActiveCfg = Release|Any CPU
		{12D05504-F391-45F0-BC1D-8942C41D7C72}.Release|Any CPU.Build.0 = Release|Any CPU
		{AD2915CF-AD1A-4C4D-8956-3693C24D9507}.Debug|Any CPU.ActiveCfg = Debug|Any CPU
		{AD2915CF-AD1A-4C4D-8956-3693C24D9507}.Debug|Any CPU.Build.0 = Debug|Any CPU
		{AD2915CF-AD1A-4C4D-8956-3693C24D9507}.Release|Any CPU.ActiveCfg = Release|Any CPU
		{AD2915CF-AD1A-4C4D-8956-3693C24D9507}.Release|Any CPU.Build.0 = Release|Any CPU
		{63207C76-5EF0-4510-B808-8C0A7497809C}.Debug|Any CPU.ActiveCfg = Debug|Any CPU
		{63207C76-5EF0-4510-B808-8C0A7497809C}.Debug|Any CPU.Build.0 = Debug|Any CPU
		{63207C76-5EF0-4510-B808-8C0A7497809C}.Release|Any CPU.ActiveCfg = Release|Any CPU
		{63207C76-5EF0-4510-B808-8C0A7497809C}.Release|Any CPU.Build.0 = Release|Any CPU
		{EBE35CFB-454C-4DF5-A520-68085F1018F1}.Debug|Any CPU.ActiveCfg = Debug|Any CPU
		{EBE35CFB-454C-4DF5-A520-68085F1018F1}.Debug|Any CPU.Build.0 = Debug|Any CPU
		{EBE35CFB-454C-4DF5-A520-68085F1018F1}.Release|Any CPU.ActiveCfg = Release|Any CPU
		{EBE35CFB-454C-4DF5-A520-68085F1018F1}.Release|Any CPU.Build.0 = Release|Any CPU
		{BDCFD089-BAE2-4550-B334-E038E8964639}.Debug|Any CPU.ActiveCfg = Debug|Any CPU
		{BDCFD089-BAE2-4550-B334-E038E8964639}.Debug|Any CPU.Build.0 = Debug|Any CPU
		{BDCFD089-BAE2-4550-B334-E038E8964639}.Release|Any CPU.ActiveCfg = Release|Any CPU
		{BDCFD089-BAE2-4550-B334-E038E8964639}.Release|Any CPU.Build.0 = Release|Any CPU
		{E5C91B9E-8C42-44B6-B501-3064744C3B4D}.Debug|Any CPU.ActiveCfg = Debug|Any CPU
		{E5C91B9E-8C42-44B6-B501-3064744C3B4D}.Debug|Any CPU.Build.0 = Debug|Any CPU
		{E5C91B9E-8C42-44B6-B501-3064744C3B4D}.Release|Any CPU.ActiveCfg = Release|Any CPU
		{E5C91B9E-8C42-44B6-B501-3064744C3B4D}.Release|Any CPU.Build.0 = Release|Any CPU
		{BB7128CF-29B1-4C2A-97E5-967838F00234}.Debug|Any CPU.ActiveCfg = Debug|Any CPU
		{BB7128CF-29B1-4C2A-97E5-967838F00234}.Debug|Any CPU.Build.0 = Debug|Any CPU
		{BB7128CF-29B1-4C2A-97E5-967838F00234}.Release|Any CPU.ActiveCfg = Release|Any CPU
		{BB7128CF-29B1-4C2A-97E5-967838F00234}.Release|Any CPU.Build.0 = Release|Any CPU
		{C18F066C-C248-4163-A9FC-E26E398B3911}.Debug|Any CPU.ActiveCfg = Debug|Any CPU
		{C18F066C-C248-4163-A9FC-E26E398B3911}.Debug|Any CPU.Build.0 = Debug|Any CPU
		{C18F066C-C248-4163-A9FC-E26E398B3911}.Release|Any CPU.ActiveCfg = Release|Any CPU
		{C18F066C-C248-4163-A9FC-E26E398B3911}.Release|Any CPU.Build.0 = Release|Any CPU
		{497C094A-DFE1-4EF1-9CEB-78D5F096120F}.Debug|Any CPU.ActiveCfg = Debug|Any CPU
		{497C094A-DFE1-4EF1-9CEB-78D5F096120F}.Debug|Any CPU.Build.0 = Debug|Any CPU
		{497C094A-DFE1-4EF1-9CEB-78D5F096120F}.Release|Any CPU.ActiveCfg = Release|Any CPU
		{497C094A-DFE1-4EF1-9CEB-78D5F096120F}.Release|Any CPU.Build.0 = Release|Any CPU
		{889BCB4A-87B8-41C2-9718-63CC3B7DE8A7}.Debug|Any CPU.ActiveCfg = Debug|Any CPU
		{889BCB4A-87B8-41C2-9718-63CC3B7DE8A7}.Debug|Any CPU.Build.0 = Debug|Any CPU
		{889BCB4A-87B8-41C2-9718-63CC3B7DE8A7}.Release|Any CPU.ActiveCfg = Release|Any CPU
		{889BCB4A-87B8-41C2-9718-63CC3B7DE8A7}.Release|Any CPU.Build.0 = Release|Any CPU
		{846D0615-0254-49D5-9F98-BD0DE3D08682}.Debug|Any CPU.ActiveCfg = Debug|Any CPU
		{846D0615-0254-49D5-9F98-BD0DE3D08682}.Debug|Any CPU.Build.0 = Debug|Any CPU
		{846D0615-0254-49D5-9F98-BD0DE3D08682}.Release|Any CPU.ActiveCfg = Release|Any CPU
		{846D0615-0254-49D5-9F98-BD0DE3D08682}.Release|Any CPU.Build.0 = Release|Any CPU
		{E518436D-89D7-4240-8825-7F1D80D6F55C}.Debug|Any CPU.ActiveCfg = Debug|Any CPU
		{E518436D-89D7-4240-8825-7F1D80D6F55C}.Debug|Any CPU.Build.0 = Debug|Any CPU
		{E518436D-89D7-4240-8825-7F1D80D6F55C}.Release|Any CPU.ActiveCfg = Release|Any CPU
		{E518436D-89D7-4240-8825-7F1D80D6F55C}.Release|Any CPU.Build.0 = Release|Any CPU
		{71D7F2AA-E305-43AD-A385-96AAF04054F4}.Debug|Any CPU.ActiveCfg = Debug|Any CPU
		{71D7F2AA-E305-43AD-A385-96AAF04054F4}.Debug|Any CPU.Build.0 = Debug|Any CPU
		{71D7F2AA-E305-43AD-A385-96AAF04054F4}.Release|Any CPU.ActiveCfg = Release|Any CPU
		{71D7F2AA-E305-43AD-A385-96AAF04054F4}.Release|Any CPU.Build.0 = Release|Any CPU
		{E0A00DF5-6E8E-4E01-9A04-40E218B08D92}.Debug|Any CPU.ActiveCfg = Debug|Any CPU
		{E0A00DF5-6E8E-4E01-9A04-40E218B08D92}.Debug|Any CPU.Build.0 = Debug|Any CPU
		{E0A00DF5-6E8E-4E01-9A04-40E218B08D92}.Release|Any CPU.ActiveCfg = Release|Any CPU
		{E0A00DF5-6E8E-4E01-9A04-40E218B08D92}.Release|Any CPU.Build.0 = Release|Any CPU
		{810E4763-4AFF-4651-9F4A-9499ED448761}.Debug|Any CPU.ActiveCfg = Debug|Any CPU
		{810E4763-4AFF-4651-9F4A-9499ED448761}.Debug|Any CPU.Build.0 = Debug|Any CPU
		{810E4763-4AFF-4651-9F4A-9499ED448761}.Release|Any CPU.ActiveCfg = Release|Any CPU
		{810E4763-4AFF-4651-9F4A-9499ED448761}.Release|Any CPU.Build.0 = Release|Any CPU
		{BA37A8A4-A7A1-4B9F-946F-09666380FCFA}.Debug|Any CPU.ActiveCfg = Debug|Any CPU
		{BA37A8A4-A7A1-4B9F-946F-09666380FCFA}.Debug|Any CPU.Build.0 = Debug|Any CPU
		{BA37A8A4-A7A1-4B9F-946F-09666380FCFA}.Release|Any CPU.ActiveCfg = Release|Any CPU
		{BA37A8A4-A7A1-4B9F-946F-09666380FCFA}.Release|Any CPU.Build.0 = Release|Any CPU
		{07D860FE-7542-4BEC-8210-27365EBCCC97}.Debug|Any CPU.ActiveCfg = Debug|Any CPU
		{07D860FE-7542-4BEC-8210-27365EBCCC97}.Debug|Any CPU.Build.0 = Debug|Any CPU
		{07D860FE-7542-4BEC-8210-27365EBCCC97}.Release|Any CPU.ActiveCfg = Release|Any CPU
		{07D860FE-7542-4BEC-8210-27365EBCCC97}.Release|Any CPU.Build.0 = Release|Any CPU
		{8F4E7D38-C4CB-4429-8ED3-376D3A500640}.Debug|Any CPU.ActiveCfg = Debug|Any CPU
		{8F4E7D38-C4CB-4429-8ED3-376D3A500640}.Debug|Any CPU.Build.0 = Debug|Any CPU
		{8F4E7D38-C4CB-4429-8ED3-376D3A500640}.Release|Any CPU.ActiveCfg = Release|Any CPU
		{8F4E7D38-C4CB-4429-8ED3-376D3A500640}.Release|Any CPU.Build.0 = Release|Any CPU
		{8912203F-88F5-46F6-A54A-86BEF8DB3243}.Debug|Any CPU.ActiveCfg = Debug|Any CPU
		{8912203F-88F5-46F6-A54A-86BEF8DB3243}.Debug|Any CPU.Build.0 = Debug|Any CPU
		{8912203F-88F5-46F6-A54A-86BEF8DB3243}.Release|Any CPU.ActiveCfg = Release|Any CPU
		{8912203F-88F5-46F6-A54A-86BEF8DB3243}.Release|Any CPU.Build.0 = Release|Any CPU
		{5DB8B0CE-1EC0-4C81-9599-8948838FB10F}.Debug|Any CPU.ActiveCfg = Debug|Any CPU
		{5DB8B0CE-1EC0-4C81-9599-8948838FB10F}.Debug|Any CPU.Build.0 = Debug|Any CPU
		{5DB8B0CE-1EC0-4C81-9599-8948838FB10F}.Release|Any CPU.ActiveCfg = Release|Any CPU
		{5DB8B0CE-1EC0-4C81-9599-8948838FB10F}.Release|Any CPU.Build.0 = Release|Any CPU
		{EB714498-2990-4601-9F32-A9878BB5E528}.Debug|Any CPU.ActiveCfg = Debug|Any CPU
		{EB714498-2990-4601-9F32-A9878BB5E528}.Debug|Any CPU.Build.0 = Debug|Any CPU
		{EB714498-2990-4601-9F32-A9878BB5E528}.Release|Any CPU.ActiveCfg = Release|Any CPU
		{EB714498-2990-4601-9F32-A9878BB5E528}.Release|Any CPU.Build.0 = Release|Any CPU
		{B070D5D0-414A-4701-8401-C54E7486B72D}.Debug|Any CPU.ActiveCfg = Debug|Any CPU
		{B070D5D0-414A-4701-8401-C54E7486B72D}.Debug|Any CPU.Build.0 = Debug|Any CPU
		{B070D5D0-414A-4701-8401-C54E7486B72D}.Release|Any CPU.ActiveCfg = Release|Any CPU
		{B070D5D0-414A-4701-8401-C54E7486B72D}.Release|Any CPU.Build.0 = Release|Any CPU
		{285492B4-49E1-451B-9BE4-0A18C98CD400}.Debug|Any CPU.ActiveCfg = Debug|Any CPU
		{285492B4-49E1-451B-9BE4-0A18C98CD400}.Debug|Any CPU.Build.0 = Debug|Any CPU
		{285492B4-49E1-451B-9BE4-0A18C98CD400}.Release|Any CPU.ActiveCfg = Release|Any CPU
		{285492B4-49E1-451B-9BE4-0A18C98CD400}.Release|Any CPU.Build.0 = Release|Any CPU
		{8EAEF8E4-A97D-487D-9251-C07E7DB99E85}.Debug|Any CPU.ActiveCfg = Debug|Any CPU
		{8EAEF8E4-A97D-487D-9251-C07E7DB99E85}.Debug|Any CPU.Build.0 = Debug|Any CPU
		{8EAEF8E4-A97D-487D-9251-C07E7DB99E85}.Release|Any CPU.ActiveCfg = Release|Any CPU
		{8EAEF8E4-A97D-487D-9251-C07E7DB99E85}.Release|Any CPU.Build.0 = Release|Any CPU
		{E664847A-50A6-48CF-BC1F-540CF190C03C}.Debug|Any CPU.ActiveCfg = Debug|Any CPU
		{E664847A-50A6-48CF-BC1F-540CF190C03C}.Debug|Any CPU.Build.0 = Debug|Any CPU
		{E664847A-50A6-48CF-BC1F-540CF190C03C}.Release|Any CPU.ActiveCfg = Release|Any CPU
		{E664847A-50A6-48CF-BC1F-540CF190C03C}.Release|Any CPU.Build.0 = Release|Any CPU
		{7584D1E8-4D41-4188-AFA6-45214181F192}.Debug|Any CPU.ActiveCfg = Debug|Any CPU
		{7584D1E8-4D41-4188-AFA6-45214181F192}.Debug|Any CPU.Build.0 = Debug|Any CPU
		{7584D1E8-4D41-4188-AFA6-45214181F192}.Release|Any CPU.ActiveCfg = Release|Any CPU
		{7584D1E8-4D41-4188-AFA6-45214181F192}.Release|Any CPU.Build.0 = Release|Any CPU
		{32FE1B8B-5C7B-4099-BD0F-FD71A3A93857}.Debug|Any CPU.ActiveCfg = Debug|Any CPU
		{32FE1B8B-5C7B-4099-BD0F-FD71A3A93857}.Debug|Any CPU.Build.0 = Debug|Any CPU
		{32FE1B8B-5C7B-4099-BD0F-FD71A3A93857}.Release|Any CPU.ActiveCfg = Release|Any CPU
		{32FE1B8B-5C7B-4099-BD0F-FD71A3A93857}.Release|Any CPU.Build.0 = Release|Any CPU
		{920DC0ED-3B0B-4A06-B35A-9DD091A198E0}.Debug|Any CPU.ActiveCfg = Debug|Any CPU
		{920DC0ED-3B0B-4A06-B35A-9DD091A198E0}.Debug|Any CPU.Build.0 = Debug|Any CPU
		{920DC0ED-3B0B-4A06-B35A-9DD091A198E0}.Release|Any CPU.ActiveCfg = Release|Any CPU
		{920DC0ED-3B0B-4A06-B35A-9DD091A198E0}.Release|Any CPU.Build.0 = Release|Any CPU
		{F10C6D61-CD30-43E9-AB72-346802523D41}.Debug|Any CPU.ActiveCfg = Debug|Any CPU
		{F10C6D61-CD30-43E9-AB72-346802523D41}.Debug|Any CPU.Build.0 = Debug|Any CPU
		{F10C6D61-CD30-43E9-AB72-346802523D41}.Release|Any CPU.ActiveCfg = Release|Any CPU
		{F10C6D61-CD30-43E9-AB72-346802523D41}.Release|Any CPU.Build.0 = Release|Any CPU
		{A8FFB928-0544-4C22-A693-A29F46F90390}.Debug|Any CPU.ActiveCfg = Debug|Any CPU
		{A8FFB928-0544-4C22-A693-A29F46F90390}.Debug|Any CPU.Build.0 = Debug|Any CPU
		{A8FFB928-0544-4C22-A693-A29F46F90390}.Release|Any CPU.ActiveCfg = Release|Any CPU
		{A8FFB928-0544-4C22-A693-A29F46F90390}.Release|Any CPU.Build.0 = Release|Any CPU
	EndGlobalSection
	GlobalSection(NestedProjects) = preSolution
		{16D03F05-CD5E-48E5-9BA3-169D5E8438FE} = {FF9EBB80-3A82-4E22-9894-27E63133B2CC}
		{12D05504-F391-45F0-BC1D-8942C41D7C72} = {FF9EBB80-3A82-4E22-9894-27E63133B2CC}
		{497C094A-DFE1-4EF1-9CEB-78D5F096120F} = {5518D3A9-6CD5-48FB-AF87-6D90E653CBD6}
		{E5C91B9E-8C42-44B6-B501-3064744C3B4D} = {5518D3A9-6CD5-48FB-AF87-6D90E653CBD6}
		{BB7128CF-29B1-4C2A-97E5-967838F00234} = {5518D3A9-6CD5-48FB-AF87-6D90E653CBD6}
		{C18F066C-C248-4163-A9FC-E26E398B3911} = {5518D3A9-6CD5-48FB-AF87-6D90E653CBD6}
		{BDCFD089-BAE2-4550-B334-E038E8964639} = {5518D3A9-6CD5-48FB-AF87-6D90E653CBD6}
		{889BCB4A-87B8-41C2-9718-63CC3B7DE8A7} = {5518D3A9-6CD5-48FB-AF87-6D90E653CBD6}
		{63207C76-5EF0-4510-B808-8C0A7497809C} = {5518D3A9-6CD5-48FB-AF87-6D90E653CBD6}
		{AD2915CF-AD1A-4C4D-8956-3693C24D9507} = {5518D3A9-6CD5-48FB-AF87-6D90E653CBD6}
		{846D0615-0254-49D5-9F98-BD0DE3D08682} = {FF9EBB80-3A82-4E22-9894-27E63133B2CC}
		{E518436D-89D7-4240-8825-7F1D80D6F55C} = {FF9EBB80-3A82-4E22-9894-27E63133B2CC}
		{71D7F2AA-E305-43AD-A385-96AAF04054F4} = {FF9EBB80-3A82-4E22-9894-27E63133B2CC}
		{E0A00DF5-6E8E-4E01-9A04-40E218B08D92} = {FF9EBB80-3A82-4E22-9894-27E63133B2CC}
		{810E4763-4AFF-4651-9F4A-9499ED448761} = {FF9EBB80-3A82-4E22-9894-27E63133B2CC}
		{BA37A8A4-A7A1-4B9F-946F-09666380FCFA} = {FF9EBB80-3A82-4E22-9894-27E63133B2CC}
		{07D860FE-7542-4BEC-8210-27365EBCCC97} = {FF9EBB80-3A82-4E22-9894-27E63133B2CC}
		{8F4E7D38-C4CB-4429-8ED3-376D3A500640} = {FF9EBB80-3A82-4E22-9894-27E63133B2CC}
		{8912203F-88F5-46F6-A54A-86BEF8DB3243} = {FF9EBB80-3A82-4E22-9894-27E63133B2CC}
		{5DB8B0CE-1EC0-4C81-9599-8948838FB10F} = {FF9EBB80-3A82-4E22-9894-27E63133B2CC}
		{EB714498-2990-4601-9F32-A9878BB5E528} = {FF9EBB80-3A82-4E22-9894-27E63133B2CC}
		{B070D5D0-414A-4701-8401-C54E7486B72D} = {FF9EBB80-3A82-4E22-9894-27E63133B2CC}
		{285492B4-49E1-451B-9BE4-0A18C98CD400} = {FF9EBB80-3A82-4E22-9894-27E63133B2CC}
		{8EAEF8E4-A97D-487D-9251-C07E7DB99E85} = {FF9EBB80-3A82-4E22-9894-27E63133B2CC}
		{E664847A-50A6-48CF-BC1F-540CF190C03C} = {FF9EBB80-3A82-4E22-9894-27E63133B2CC}
		{7584D1E8-4D41-4188-AFA6-45214181F192} = {FF9EBB80-3A82-4E22-9894-27E63133B2CC}
		{32FE1B8B-5C7B-4099-BD0F-FD71A3A93857} = {FF9EBB80-3A82-4E22-9894-27E63133B2CC}
		{920DC0ED-3B0B-4A06-B35A-9DD091A198E0} = {FF9EBB80-3A82-4E22-9894-27E63133B2CC}
		{F10C6D61-CD30-43E9-AB72-346802523D41} = {FF9EBB80-3A82-4E22-9894-27E63133B2CC}
		{A8FFB928-0544-4C22-A693-A29F46F90390} = {FF9EBB80-3A82-4E22-9894-27E63133B2CC}
		{EBE35CFB-454C-4DF5-A520-68085F1018F1} = {5518D3A9-6CD5-48FB-AF87-6D90E653CBD6}
	EndGlobalSection
EndGlobal
